
Microsoft Visual Studio Solution File, Format Version 12.00
# Visual Studio Version 16
VisualStudioVersion = 16.0.31624.102
MinimumVisualStudioVersion = 10.0.40219.1
Project("{8BC9CEB8-8B4A-11D0-8D11-00A0C91BC942}") = "AirTry", "AirTry\AirTry.vcxproj", "{331EA74F-DF7F-4335-90BF-7EF824DB9A06}"
EndProject
Global
	GlobalSection(SolutionConfigurationPlatforms) = preSolution
		Debug|x64 = Debug|x64
		Debug|x86 = Debug|x86
		Release|x64 = Release|x64
		Release|x86 = Release|x86
	EndGlobalSection
	GlobalSection(ProjectConfigurationPlatforms) = postSolution
		{331EA74F-DF7F-4335-90BF-7EF824DB9A06}.Debug|x64.ActiveCfg = Debug|x64
		{331EA74F-DF7F-4335-90BF-7EF824DB9A06}.Debug|x64.Build.0 = Debug|x64
		{331EA74F-DF7F-4335-90BF-7EF824DB9A06}.Debug|x86.ActiveCfg = Debug|Win32
		{331EA74F-DF7F-4335-90BF-7EF824DB9A06}.Debug|x86.Build.0 = Debug|Win32
		{331EA74F-DF7F-4335-90BF-7EF824DB9A06}.Release|x64.ActiveCfg = Release|x64
		{331EA74F-DF7F-4335-90BF-7EF824DB9A06}.Release|x64.Build.0 = Release|x64
		{331EA74F-DF7F-4335-90BF-7EF824DB9A06}.Release|x86.ActiveCfg = Release|Win32
		{331EA74F-DF7F-4335-90BF-7EF824DB9A06}.Release|x86.Build.0 = Release|Win32
	EndGlobalSection
	GlobalSection(SolutionProperties) = preSolution
		HideSolutionNode = FALSE
	EndGlobalSection
	GlobalSection(ExtensibilityGlobals) = postSolution
		SolutionGuid = {23694A09-B52C-4520-8E2B-A735DF8C43A5}
	EndGlobalSection
EndGlobal
